Microsoft Visual Studio Solution File, Format Version 12.00
# Visual Studio Version 17
VisualStudioVersion = 17.5.2.0
MinimumVisualStudioVersion = 10.0.40219.1
Project("{2150E333-8FDC-42A3-9474-1A3956D46DE8}") = "src", "src", "{827E0CD3-B72D-47B6-A68D-7590B98EB39B}"
EndProject
Project("{2150E333-8FDC-42A3-9474-1A3956D46DE8}") = "CSharpToTypeScript.VSCodeExtension", "CSharpToTypeScript.VSCodeExtension", "{BA4A59F1-5E76-65B2-CD58-0D6644739182}"
EndProject
Project("{2150E333-8FDC-42A3-9474-1A3956D46DE8}") = "server", "server", "{7875CC91-C124-21EE-5A32-48BD88EA2CEC}"
EndProject
Project("{FAE04EC0-301F-11D3-BF4B-00C04F79EFBC}") = "CSharpToTypeScript.Core", "src\CSharpToTypeScript.VSCodeExtension\server\CSharpToTypeScript.Core\CSharpToTypeScript.Core.csproj", "{ECA36888-EC32-1624-C816-CC2A1CEF7EB6}"
EndProject
Project("{FAE04EC0-301F-11D3-BF4B-00C04F79EFBC}") = "CSharpToTypeScript.Server", "src\CSharpToTypeScript.VSCodeExtension\server\CSharpToTypeScript.Server\CSharpToTypeScript.Server.csproj", "{574BEDD7-809E-FABF-7474-617B0FA8AE93}"
EndProject
Global
	GlobalSection(SolutionConfigurationPlatforms) = preSolution
		Debug|Any CPU = Debug|Any CPU
		Release|Any CPU = Release|Any CPU
	EndGlobalSection
	GlobalSection(ProjectConfigurationPlatforms) = postSolution
		{ECA36888-EC32-1624-C816-CC2A1CEF7EB6}.Debug|Any CPU.ActiveCfg = Debug|Any CPU
		{ECA36888-EC32-1624-C816-CC2A1CEF7EB6}.Debug|Any CPU.Build.0 = Debug|Any CPU
		{ECA36888-EC32-1624-C816-CC2A1CEF7EB6}.Release|Any CPU.ActiveCfg = Release|Any CPU
		{ECA36888-EC32-1624-C816-CC2A1CEF7EB6}.Release|Any CPU.Build.0 = Release|Any CPU
		{574BEDD7-809E-FABF-7474-617B0FA8AE93}.Debug|Any CPU.ActiveCfg = Debug|Any CPU
		{574BEDD7-809E-FABF-7474-617B0FA8AE93}.Debug|Any CPU.Build.0 = Debug|Any CPU
		{574BEDD7-809E-FABF-7474-617B0FA8AE93}.Release|Any CPU.ActiveCfg = Release|Any CPU
		{574BEDD7-809E-FABF-7474-617B0FA8AE93}.Release|Any CPU.Build.0 = Release|Any CPU
	EndGlobalSection
	GlobalSection(SolutionProperties) = preSolution
		HideSolutionNode = FALSE
	EndGlobalSection
	GlobalSection(NestedProjects) = preSolution
		{BA4A59F1-5E76-65B2-CD58-0D6644739182} = {827E0CD3-B72D-47B6-A68D-7590B98EB39B}
		{7875CC91-C124-21EE-5A32-48BD88EA2CEC} = {BA4A59F1-5E76-65B2-CD58-0D6644739182}
		{ECA36888-EC32-1624-C816-CC2A1CEF7EB6} = {7875CC91-C124-21EE-5A32-48BD88EA2CEC}
		{574BEDD7-809E-FABF-7474-617B0FA8AE93} = {7875CC91-C124-21EE-5A32-48BD88EA2CEC}
	EndGlobalSection
	GlobalSection(ExtensibilityGlobals) = postSolution
		SolutionGuid = {785C1253-B1CC-41C7-888D-3B5F3A6CE1BF}
	EndGlobalSection
EndGlobal
